// !$*UTF8*$!
{
	archiveVersion = 1;
	classes = {
	};
	objectVersion = 50;
	objects = {

/* Begin PBXBuildFile section */
		D1D8ACE221630DD900338254 /* AppDelegate.m in Sources */ = {isa = PBXBuildFile; fileRef = D1D8ACE121630DD900338254 /* AppDelegate.m */; };
		D1D8ACE521630DD900338254 /* ViewController.m in Sources */ = {isa = PBXBuildFile; fileRef = D1D8ACE421630DD900338254 /* ViewController.m */; };
		D1D8ACE821630DD900338254 /* Main.storyboard in Resources */ = {isa = PBXBuildFile; fileRef = D1D8ACE621630DD900338254 /* Main.storyboard */; };
		D1D8ACEA21630DD900338254 /* Assets.xcassets in Resources */ = {isa = PBXBuildFile; fileRef = D1D8ACE921630DD900338254 /* Assets.xcassets */; };
		D1D8ACED21630DD900338254 /* LaunchScreen.storyboard in Resources */ = {isa = PBXBuildFile; fileRef = D1D8ACEB21630DD900338254 /* LaunchScreen.storyboard */; };
		D1D8ACF021630DD900338254 /* main.m in Sources */ = {isa = PBXBuildFile; fileRef = D1D8ACEF21630DD900338254 /* main.m */; };
/* End PBXBuildFile section */

/* Begin PBXFileReference section */
		D1D8ACDD21630DD900338254 /* recoderAndPause_objc.app */ = {isa = PBXFileReference; explicitFileType = wrapper.application; includeInIndex = 0; path = recoderAndPause_objc.app; sourceTree = BUILT_PRODUCTS_DIR; };
		D1D8ACE021630DD900338254 /* AppDelegate.h */ = {isa = PBXFileReference; lastKnownFileType = sourcecode.c.h; path = AppDelegate.h; sourceTree = "<group>"; };
		D1D8ACE121630DD900338254 /* AppDelegate.m */ = {isa = PBXFileReference; lastKnownFileType = sourcecode.c.objc; path = AppDelegate.m; sourceTree = "<group>"; };
		D1D8ACE321630DD900338254 /* ViewController.h */ = {isa = PBXFileReference; lastKnownFileType = sourcecode.c.h; path = ViewController.h; sourceTree = "<group>"; };
		D1D8ACE421630DD900338254 /* ViewController.m */ = {isa = PBXFileReference; lastKnownFileType = sourcecode.c.objc; path = ViewController.m; sourceTree = "<group>"; };
		D1D8ACE721630DD900338254 /* Base */ = {isa = PBXFileReference; lastKnownFileType = file.storyboard; name = Base; path = Base.lproj/Main.storyboard; sourceTree = "<group>"; };
		D1D8ACE921630DD900338254 /* Assets.xcassets */ = {isa = PBXFileReference; lastKnownFileType = folder.assetcatalog; path = Assets.xcassets; sourceTree = "<group>"; };
		D1D8ACEC21630DD900338254 /* Base */ = {isa = PBXFileReference; lastKnownFileType = file.storyboard; name = Base; path = Base.lproj/LaunchScreen.storyboard; sourceTree = "<group>"; };
		D1D8ACEE21630DD900338254 /* Info.plist */ = {isa = PBXFileReference; lastKnownFileType = text.plist.xml; path = Info.plist; sourceTree = "<group>"; };
		D1D8ACEF21630DD900338254 /* main.m */ = {isa = PBXFileReference; lastKnownFileType = sourcecode.c.objc; path = main.m; sourceTree = "<group>"; };
/* End PBXFileReference section */

/* Begin PBXFrameworksBuildPhase section */
		D1D8ACDA21630DD900338254 /* Frameworks */ = {
			isa = PBXFrameworksBuildPhase;
			buildActionMask = 2147483647;
			files = (
			);
			runOnlyForDeploymentPostprocessing = 0;
		};
/* End PBXFrameworksBuildPhase section */

/* Begin PBXGroup section */
		D1D8ACD421630DD900338254 = {
			isa = PBXGroup;
			children = (
				D1D8ACDF21630DD900338254 /* recoderAndPause_objc */,
				D1D8ACDE21630DD900338254 /* Products */,
			);
			sourceTree = "<group>";
		};
		D1D8ACDE21630DD900338254 /* Products */ = {
			isa = PBXGroup;
			children = (
				D1D8ACDD21630DD900338254 /* recoderAndPause_objc.app */,
			);
			name = Products;
			sourceTree = "<group>";
		};
		D1D8ACDF21630DD900338254 /* recoderAndPause_objc */ = {
			isa = PBXGroup;
			children = (
				D1D8ACE021630DD900338254 /* AppDelegate.h */,
				D1D8ACE121630DD900338254 /* AppDelegate.m */,
				D1D8ACE321630DD900338254 /* ViewController.h */,
				D1D8ACE421630DD900338254 /* ViewController.m */,
				D1D8ACE621630DD900338254 /* Main.storyboard */,
				D1D8ACE921630DD900338254 /* Assets.xcassets */,
				D1D8ACEB21630DD900338254 /* LaunchScreen.storyboard */,
				D1D8ACEE21630DD900338254 /* Info.plist */,
				D1D8ACEF21630DD900338254 /* main.m */,
			);
			path = recoderAndPause_objc;
			sourceTree = "<group>";
		};
/* End PBXGroup section */

/* Begin PBXNativeTarget section */
		D1D8ACDC21630DD900338254 /* recoderAndPause_objc */ = {
			isa = PBXNativeTarget;
			buildConfigurationList = D1D8ACF321630DD900338254 /* Build configuration list for PBXNativeTarget "recoderAndPause_objc" */;
			buildPhases = (
				D1D8ACD921630DD900338254 /* Sources */,
				D1D8ACDA21630DD900338254 /* Frameworks */,
				D1D8ACDB21630DD900338254 /* Resources */,
			);
			buildRules = (
			);
			dependencies = (
			);
			name = recoderAndPause_objc;
			productName = recoderAndPause_objc;
			productReference = D1D8ACDD21630DD900338254 /* recoderAndPause_objc.app */;
			productType = "com.apple.product-type.application";
		};
/* End PBXNativeTarget section */

/* Begin PBXProject section */
		D1D8ACD521630DD900338254 /* Project object */ = {
			isa = PBXProject;
			attributes = {
				LastUpgradeCheck = 0940;
				ORGANIZATIONNAME = 002563;
				TargetAttributes = {
					D1D8ACDC21630DD900338254 = {
						CreatedOnToolsVersion = 9.4.1;
					};
				};
			};
			buildConfigurationList = D1D8ACD821630DD900338254 /* Build configuration list for PBXProject "recoderAndPause_objc" */;
			compatibilityVersion = "Xcode 9.3";
			developmentRegion = en;
			hasScannedForEncodings = 0;
			knownRegions = (
				en,
				Base,
			);
			mainGroup = D1D8ACD421630DD900338254;
			productRefGroup = D1D8ACDE21630DD900338254 /* Products */;
			projectDirPath = "";
			projectRoot = "";
			targets = (
				D1D8ACDC21630DD900338254 /* recoderAndPause_objc */,
			);
		};
/* End PBXProject section */

/* Begin PBXResourcesBuildPhase section */
		D1D8ACDB21630DD900338254 /* Resources */ = {
			isa = PBXResourcesBuildPhase;
			buildActionMask = 2147483647;
			files = (
				D1D8ACED21630DD900338254 /* LaunchScreen.storyboard in Resources */,
				D1D8ACEA21630DD900338254 /* Assets.xcassets in Resources */,
				D1D8ACE821630DD900338254 /* Main.storyboard in Resources */,
			);
			runOnlyForDeploymentPostprocessing = 0;
		};
/* End PBXResourcesBuildPhase section */

/* Begin PBXSourcesBuildPhase section */
		D1D8ACD921630DD900338254 /* Sources */ = {
			isa = PBXSourcesBuildPhase;
			buildActionMask = 2147483647;
			files = (
				D1D8ACE521630DD900338254 /* ViewController.m in Sources */,
				D1D8ACF021630DD900338254 /* main.m in Sources */,
				D1D8ACE221630DD900338254 /* AppDelegate.m in Sources */,
			);
			runOnlyForDeploymentPostprocessing = 0;
		};
/* End PBXSourcesBuildPhase section */

/* Begin PBXVariantGroup section */
		D1D8ACE621630DD900338254 /* Main.storyboard */ = {
			isa = PBXVariantGroup;
			children = (
				D1D8ACE721630DD900338254 /* Base */,
			);
			name = Main.storyboard;
			sourceTree = "<group>";
		};
		D1D8ACEB21630DD900338254 /* LaunchScreen.storyboard */ = {
			isa = PBXVariantGroup;
			children = (
				D1D8ACEC21630DD900338254 /* Base */,
			);
			name = LaunchScreen.storyboard;
			sourceTree = "<group>";
		};
/* End PBXVariantGroup section */

/* Begin XCBuildConfiguration section */
		D1D8ACF121630DD900338254 /* Debug */ = {
			isa = XCBuildConfiguration;
			buildSettings = {
				ALWAYS_SEARCH_USER_PATHS = NO;
				CLANG_ANALYZER_NONNULL = YES;
				CLANG_ANALYZER_NUMBER_OBJECT_CONVERSION = YES_AGGRESSIVE;
				CLANG_CXX_LANGUAGE_STANDARD = "gnu++14";
				CLANG_CXX_LIBRARY = "libc++";
				CLANG_ENABLE_MODULES = YES;
				CLANG_ENABLE_OBJC_ARC = YES;
				CLANG_ENABLE_OBJC_WEAK = YES;
				CLANG_WARN_BLOCK_CAPTURE_AUTORELEASING = YES;
				CLANG_WARN_BOOL_CONVERSION = YES;
				CLANG_WARN_COMMA = YES;
				CLANG_WARN_CONSTANT_CONVERSION = YES;
				CLANG_WARN_DEPRECATED_OBJC_IMPLEMENTATIONS = YES;
				CLANG_WARN_DIRECT_OBJC_ISA_USAGE = YES_ERROR;
				CLANG_WARN_DOCUMENTATION_COMMENTS = YES;
				CLANG_WARN_EMPTY_BODY = YES;
				CLANG_WARN_ENUM_CONVERSION = YES;
				CLANG_WARN_INFINITE_RECURSION = YES;
				CLANG_WARN_INT_CONVERSION = YES;
				CLANG_WARN_NON_LITERAL_NULL_CONVERSION = YES;
				CLANG_WARN_OBJC_IMPLICIT_RETAIN_SELF = YES;
				CLANG_WARN_OBJC_LITERAL_CONVERSION = YES;
				CLANG_WARN_OBJC_ROOT_CLASS = YES_ERROR;
				CLANG_WARN_RANGE_LOOP_ANALYSIS = YES;
				CLANG_WARN_STRICT_PROTOTYPES = YES;
				CLANG_WARN_SUSPICIOUS_MOVE = YES;
				CLANG_WARN_UNGUARDED_AVAILABILITY = YES_AGGRESSIVE;
				CLANG_WARN_UNREACHABLE_CODE = YES;
				CLANG_WARN__DUPLICATE_METHOD_MATCH = YES;
				CODE_SIGN_IDENTITY = "iPhone Developer";
				COPY_PHASE_STRIP = NO;
				DEBUG_INFORMATION_FORMAT = dwarf;
				ENABLE_STRICT_OBJC_MSGSEND = YES;
				ENABLE_TESTABILITY = YES;
				GCC_C_LANGUAGE_STANDARD = gnu11;
				GCC_DYNAMIC_NO_PIC = NO;
				GCC_NO_COMMON_BLOCKS = YES;
				GCC_OPTIMIZATION_LEVEL = 0;
				GCC_PREPROCESSOR_DEFINITIONS = (
					"DEBUG=1",
					"$(inherited)",
				);
				GCC_WARN_64_TO_32_BIT_CONVERSION = YES;
				GCC_WARN_ABOUT_RETURN_TYPE = YES_ERROR;
				GCC_WARN_UNDECLARED_SELECTOR = YES;
				GCC_WARN_UNINITIALIZED_AUTOS = YES_AGGRESSIVE;
				GCC_WARN_UNUSED_FUNCTION = YES;
				GCC_WARN_UNUSED_VARIABLE = YES;
				IPHONEOS_DEPLOYMENT_TARGET = 11.4;
				MTL_ENABLE_DEBUG_INFO = YES;
				ONLY_ACTIVE_ARCH = YES;
				SDKROOT = iphoneos;
			};
			name = Debug;
		};
		D1D8ACF221630DD900338254 /* Release */ = {
			isa = XCBuildConfiguration;
			buildSettings = {
				ALWAYS_SEARCH_USER_PATHS = NO;
				CLANG_ANALYZER_NONNULL = YES;
				CLANG_ANALYZER_NUMBER_OBJECT_CONVERSION = YES_AGGRESSIVE;
				CLANG_CXX_LANGUAGE_STANDARD = "gnu++14";
				CLANG_CXX_LIBRARY = "libc++";
				CLANG_ENABLE_MODULES = YES;
				CLANG_ENABLE_OBJC_ARC = YES;
				CLANG_ENABLE_OBJC_WEAK = YES;
				CLANG_WARN_BLOCK_CAPTURE_AUTORELEASING = YES;
				CLANG_WARN_BOOL_CONVERSION = YES;
				CLANG_WARN_COMMA = YES;
				CLANG_WARN_CONSTANT_CONVERSION = YES;
				CLANG_WARN_DEPRECATED_OBJC_IMPLEMENTATIONS = YES;
				CLANG_WARN_DIRECT_OBJC_ISA_USAGE = YES_ERROR;
				CLANG_WARN_DOCUMENTATION_COMMENTS = YES;
				CLANG_WARN_EMPTY_BODY = YES;
				CLANG_WARN_ENUM_CONVERSION = YES;
				CLANG_WARN_INFINITE_RECURSION = YES;
				CLANG_WARN_INT_CONVERSION = YES;
				CLANG_WARN_NON_LITERAL_NULL_CONVERSION = YES;
				CLANG_WARN_OBJC_IMPLICIT_RETAIN_SELF = YES;
				CLANG_WARN_OBJC_LITERAL_CONVERSION = YES;
				CLANG_WARN_OBJC_ROOT_CLASS = YES_ERROR;
				CLANG_WARN_RANGE_LOOP_ANALYSIS = YES;
				CLANG_WARN_STRICT_PROTOTYPES = YES;
				CLANG_WARN_SUSPICIOUS_MOVE = YES;
				CLANG_WARN_UNGUARDED_AVAILABILITY = YES_AGGRESSIVE;
				CLANG_WARN_UNREACHABLE_CODE = YES;
				CLANG_WARN__DUPLICATE_METHOD_MATCH = YES;
				CODE_SIGN_IDENTITY = "iPhone Developer";
				COPY_PHASE_STRIP = NO;
				DEBUG_INFORMATION_FORMAT = "dwarf-with-dsym";
				ENABLE_NS_ASSERTIONS = NO;
				ENABLE_STRICT_OBJC_MSGSEND = YES;
				GCC_C_LANGUAGE_STANDARD = gnu11;
				GCC_NO_COMMON_BLOCKS = YES;
				GCC_WARN_64_TO_32_BIT_CONVERSION = YES;
				GCC_WARN_ABOUT_RETURN_TYPE = YES_ERROR;
				GCC_WARN_UNDECLARED_SELECTOR = YES;
				GCC_WARN_UNINITIALIZED_AUTOS = YES_AGGRESSIVE;
				GCC_WARN_UNUSED_FUNCTION = YES;
				GCC_WARN_UNUSED_VARIABLE = YES;
				IPHONEOS_DEPLOYMENT_TARGET = 11.4;
				MTL_ENABLE_DEBUG_INFO = NO;
				SDKROOT = iphoneos;
				VALIDATE_PRODUCT = YES;
			};
			name = Release;
		};
		D1D8ACF421630DD900338254 /* Debug */ = {
			isa = XCBuildConfiguration;
			buildSettings = {
				ASSETCATALOG_COMPILER_APPICON_NAME = AppIcon;
				CODE_SIGN_STYLE = Automatic;
				INFOPLIST_FILE = recoderAndPause_objc/Info.plist;
				LD_RUNPATH_SEARCH_PATHS = (
					"$(inherited)",
					"@executable_path/Frameworks",
				);
				PRODUCT_BUNDLE_IDENTIFIER = "aaaa.recoderAndPause-objc";
				PRODUCT_NAME = "$(TARGET_NAME)";
				TARGETED_DEVICE_FAMILY = "1,2";
			};
			name = Debug;
		};
		D1D8ACF521630DD900338254 /* Release */ = {
			isa = XCBuildConfiguration;
			buildSettings = {
				ASSETCATALOG_COMPILER_APPICON_NAME = AppIcon;
				CODE_SIGN_STYLE = Automatic;
				INFOPLIST_FILE = recoderAndPause_objc/Info.plist;
				LD_RUNPATH_SEARCH_PATHS = (
					"$(inherited)",
					"@executable_path/Frameworks",
				);
				PRODUCT_BUNDLE_IDENTIFIER = "aaaa.recoderAndPause-objc";
				PRODUCT_NAME = "$(TARGET_NAME)";
				TARGETED_DEVICE_FAMILY = "1,2";
			};
			name = Release;
		};
/* End XCBuildConfiguration section */

/* Begin XCConfigurationList section */
		D1D8ACD821630DD900338254 /* Build configuration list for PBXProject "recoderAndPause_objc" */ = {
			isa = XCConfigurationList;
			buildConfigurations = (
				D1D8ACF121630DD900338254 /* Debug */,
				D1D8ACF221630DD900338254 /* Release */,
			);
			defaultConfigurationIsVisible = 0;
			defaultConfigurationName = Release;
		};
		D1D8ACF321630DD900338254 /* Build configuration list for PBXNativeTarget "recoderAndPause_objc" */ = {
			isa = XCConfigurationList;
			buildConfigurations = (
				D1D8ACF421630DD900338254 /* Debug */,
				D1D8ACF521630DD900338254 /* Release */,
			);
			defaultConfigurationIsVisible = 0;
			defaultConfigurationName = Release;
		};
/* End XCConfigurationList section */
	};
	rootObject = D1D8ACD521630DD900338254 /* Project object */;
}
